
Microsoft Visual Studio Solution File, Format Version 12.00
# Visual Studio Version 16
VisualStudioVersion = 16.0.33423.256
MinimumVisualStudioVersion = 10.0.40219.1
Project("{F184B08F-C81C-45F6-A57F-5ABD9991F28F}") = "balance de saldos", "balance de saldos\balance de saldos.vbproj", "{63E24EBE-34A8-49E1-823A-5BE2F30BD056}"
EndProject
Global
	GlobalSection(SolutionConfigurationPlatforms) = preSolution
		Debug|Any CPU = Debug|Any CPU
		Release|Any CPU = Release|Any CPU
	EndGlobalSection
	GlobalSection(ProjectConfigurationPlatforms) = postSolution
		{63E24EBE-34A8-49E1-823A-5BE2F30BD056}.Debug|Any CPU.ActiveCfg = Debug|Any CPU
		{63E24EBE-34A8-49E1-823A-5BE2F30BD056}.Debug|Any CPU.Build.0 = Debug|Any CPU
		{63E24EBE-34A8-49E1-823A-5BE2F30BD056}.Release|Any CPU.ActiveCfg = Release|Any CPU
		{63E24EBE-34A8-49E1-823A-5BE2F30BD056}.Release|Any CPU.Build.0 = Release|Any CPU
	EndGlobalSection
	GlobalSection(SolutionProperties) = preSolution
		HideSolutionNode = FALSE
	EndGlobalSection
	GlobalSection(ExtensibilityGlobals) = postSolution
		SolutionGuid = {8B211FCC-A800-4811-8C06-684B2DE740EF}
	EndGlobalSection
EndGlobal
